
Microsoft Visual Studio Solution File, Format Version 12.00
# Visual Studio Version 17
VisualStudioVersion = 17.9.34622.214
MinimumVisualStudioVersion = 10.0.40219.1
Project("{FAE04EC0-301F-11D3-BF4B-00C04F79EFBC}") = "ScholarHUB", "ScholarHUB\ScholarHUB.csproj", "{E99DAB83-D035-47DF-9FD7-0EDC178395FE}"
EndProject
Global
	GlobalSection(SolutionConfigurationPlatforms) = preSolution
		Debug|Any CPU = Debug|Any CPU
		Release|Any CPU = Release|Any CPU
	EndGlobalSection
	GlobalSection(ProjectConfigurationPlatforms) = postSolution
		{E99DAB83-D035-47DF-9FD7-0EDC178395FE}.Debug|Any CPU.ActiveCfg = Debug|Any CPU
		{E99DAB83-D035-47DF-9FD7-0EDC178395FE}.Debug|Any CPU.Build.0 = Debug|Any CPU
		{E99DAB83-D035-47DF-9FD7-0EDC178395FE}.Release|Any CPU.ActiveCfg = Release|Any CPU
		{E99DAB83-D035-47DF-9FD7-0EDC178395FE}.Release|Any CPU.Build.0 = Release|Any CPU
	EndGlobalSection
	GlobalSection(SolutionProperties) = preSolution
		HideSolutionNode = FALSE
	EndGlobalSection
	GlobalSection(ExtensibilityGlobals) = postSolution
		SolutionGuid = {D75B19A4-DCD4-4BF5-8AF1-75F82C6FFED5}
	EndGlobalSection
EndGlobal
